<?xml version="1.0" encoding="utf-8"?>
<Project ToolsVersion="4.0" xmlns="http://schemas.microsoft.com/developer/msbuild/2003">
  <ItemGroup>
    <ApplicationDefinition Include="App.xaml" />
  </ItemGroup>
  <ItemGroup>
    <Page Include="MainWindow.xaml" />
  </ItemGroup>
  <ItemGroup>
    <Midl Include="App.idl" />
    <Midl Include="MainWindow.idl" />
    <Midl Include="ImageFileInfo.idl" />
  </ItemGroup>
  <ItemGroup>
    <ClCompile Include="pch.cpp" />
    <ClCompile Include="$(GeneratedFilesDir)module.g.cpp" />
    <ClCompile Include="ImageFileInfo.cpp" />
  </ItemGroup>
  <ItemGroup>
    <ClInclude Include="pch.h" />
    <ClInclude Include="ImageFileInfo.h" />
  </ItemGroup>
  <ItemGroup>
    <Image Include="Assets\Wide310x150Logo.scale-200.png">
      <Filter>Assets</Filter>
    </Image>
    <Image Include="Assets\StoreLogo.png">
      <Filter>Assets</Filter>
    </Image>
    <Image Include="Assets\Square150x150Logo.scale-200.png">
      <Filter>Assets</Filter>
    </Image>
    <Image Include="Assets\Square44x44Logo.targetsize-24_altform-unplated.png">
      <Filter>Assets</Filter>
    </Image>
    <Image Include="Assets\Square44x44Logo.scale-200.png">
      <Filter>Assets</Filter>
    </Image>
    <Image Include="Assets\SplashScreen.scale-200.png">
      <Filter>Assets</Filter>
    </Image>
    <Image Include="Assets\LockScreenLogo.scale-200.png">
      <Filter>Assets</Filter>
    </Image>
    <Image Include="Assets\Samples\1.jpg" />
    <Image Include="Assets\Samples\2.jpg" />
    <Image Include="Assets\Samples\3.jpg" />
    <Image Include="Assets\Samples\4.jpg" />
    <Image Include="Assets\Samples\5.jpg" />
    <Image Include="Assets\Samples\6.jpg" />
    <Image Include="Assets\Samples\7.jpg" />
    <Image Include="Assets\Samples\8.jpg" />
    <Image Include="Assets\Samples\9.jpg" />
    <Image Include="Assets\Samples\10.jpg" />
    <Image Include="Assets\Samples\11.jpg" />
    <Image Include="Assets\Samples\12.jpg" />
    <Image Include="Assets\Samples\13.jpg" />
    <Image Include="Assets\Samples\14.jpg" />
    <Image Include="Assets\Samples\15.jpg" />
    <Image Include="Assets\Samples\16.jpg" />
    <Image Include="Assets\Samples\17.jpg" />
    <Image Include="Assets\Samples\18.jpg" />
    <Image Include="Assets\Samples\19.jpg" />
    <Image Include="Assets\Samples\20.jpg" />
  </ItemGroup>
  <ItemGroup>
    <Filter Include="Assets">
      <UniqueIdentifier>{6c2f4fb2-c402-4d6d-bf72-1121a2eabe11}</UniqueIdentifier>
    </Filter>
    <Filter Include="Assets\Samples">
      <UniqueIdentifier>{8f0aa138-338e-4dfd-b505-bf375e94d1c6}</UniqueIdentifier>
    </Filter>
  </ItemGroup>
  <ItemGroup>
    <Text Include="readme.txt" />
  </ItemGroup>
  <ItemGroup>
    <Manifest Include="app.manifest" />
  </ItemGroup>
  <ItemGroup>
    <AppxManifest Include="Package.appxmanifest" />
  </ItemGroup>
  <ItemGroup>
    <None Include="packages.config" />
  </ItemGroup>
</Project>